{
  "name": "@vindo/core",
  "version": "0.0.5",
  "lockfileVersion": 3,
  "requires": true,
  "packages": {
    "": {
      "name": "@vindo/core",
      "version": "0.0.5",
      "license": "MIT",
      "dependencies": {
        "@vindo/exception": "file:../exception",
        "@vindo/utility": "file:../utility"
      }
    },
    "../exception": {
      "name": "@vindo/exception",
      "version": "1.0.0",
      "license": "MIT"
    },
    "../utility": {
      "name": "@vindo/utility",
      "version": "0.0.5",
      "license": "MIT"
    },
    "node_modules/@vindo/exception": {
      "resolved": "../exception",
      "link": true
    },
    "node_modules/@vindo/utility": {
      "resolved": "../utility",
      "link": true
    }
  }
}
