# THIS IS AN AUTOGENERATED FILE. DO NOT EDIT THIS FILE DIRECTLY.
# yarn lockfile v1


"@vindo/exception@/Users/Ruel/Projects/Applications/Source/Javascript/Packages/@vindo/packages/exception":
  version "1.0.0"
  resolved "file:../exception"

"@vindo/utility@/Users/Ruel/Projects/Applications/Source/Javascript/Packages/@vindo/packages/utility":
  version "0.0.5"
  resolved "file:../utility"
